
Microsoft Visual Studio Solution File, Format Version 12.00
# Visual Studio 2012
Project("{FAE04EC0-301F-11D3-BF4B-00C04F79EFBC}") = "ArrangeTheNumeralPuzzleClassLibrary", "ArrangeTheNumeralPuzzleClassLibrary\ArrangeTheNumeralPuzzleClassLibrary.csproj", "{3901E6BA-3777-4078-87C0-1572B48AA4E8}"
EndProject
Project("{FAE04EC0-301F-11D3-BF4B-00C04F79EFBC}") = "GameFifteenDemo", "GameFifteenDemo\GameFifteenDemo.csproj", "{8A781FAE-3DAB-45A8-B729-D5B72CF8D2D2}"
EndProject
Project("{FAE04EC0-301F-11D3-BF4B-00C04F79EFBC}") = "GameFifteenUnitTests", "GameFifteenUnitTests\GameFifteenUnitTests.csproj", "{EA9AD558-19AC-44A0-99CB-9CA719D330AF}"
EndProject
Global
	GlobalSection(SolutionConfigurationPlatforms) = preSolution
		Debug|Any CPU = Debug|Any CPU
		Release|Any CPU = Release|Any CPU
	EndGlobalSection
	GlobalSection(ProjectConfigurationPlatforms) = postSolution
		{3901E6BA-3777-4078-87C0-1572B48AA4E8}.Debug|Any CPU.ActiveCfg = Debug|Any CPU
		{3901E6BA-3777-4078-87C0-1572B48AA4E8}.Debug|Any CPU.Build.0 = Debug|Any CPU
		{3901E6BA-3777-4078-87C0-1572B48AA4E8}.Release|Any CPU.ActiveCfg = Release|Any CPU
		{3901E6BA-3777-4078-87C0-1572B48AA4E8}.Release|Any CPU.Build.0 = Release|Any CPU
		{8A781FAE-3DAB-45A8-B729-D5B72CF8D2D2}.Debug|Any CPU.ActiveCfg = Debug|Any CPU
		{8A781FAE-3DAB-45A8-B729-D5B72CF8D2D2}.Debug|Any CPU.Build.0 = Debug|Any CPU
		{8A781FAE-3DAB-45A8-B729-D5B72CF8D2D2}.Release|Any CPU.ActiveCfg = Release|Any CPU
		{8A781FAE-3DAB-45A8-B729-D5B72CF8D2D2}.Release|Any CPU.Build.0 = Release|Any CPU
		{EA9AD558-19AC-44A0-99CB-9CA719D330AF}.Debug|Any CPU.ActiveCfg = Debug|Any CPU
		{EA9AD558-19AC-44A0-99CB-9CA719D330AF}.Debug|Any CPU.Build.0 = Debug|Any CPU
		{EA9AD558-19AC-44A0-99CB-9CA719D330AF}.Release|Any CPU.ActiveCfg = Release|Any CPU
		{EA9AD558-19AC-44A0-99CB-9CA719D330AF}.Release|Any CPU.Build.0 = Release|Any CPU
	EndGlobalSection
	GlobalSection(SolutionProperties) = preSolution
		HideSolutionNode = FALSE
	EndGlobalSection
EndGlobal
